// !$*UTF8*$!
{
	archiveVersion = 1;
	classes = {
	};
	objectVersion = 48;
	objects = {

/* Begin PBXBuildFile section */
		9B1495791FEC0FF700D9522B /* AppDelegate.swift in Sources */ = {isa = PBXBuildFile; fileRef = 9B1495781FEC0FF700D9522B /* AppDelegate.swift */; };
		9B14957D1FEC0FF700D9522B /* Actions.sks in Resources */ = {isa = PBXBuildFile; fileRef = 9B14957C1FEC0FF700D9522B /* Actions.sks */; };
		9B14957F1FEC0FF700D9522B /* GameScene.swift in Sources */ = {isa = PBXBuildFile; fileRef = 9B14957E1FEC0FF700D9522B /* GameScene.swift */; };
		9B1495811FEC0FF700D9522B /* GameViewController.swift in Sources */ = {isa = PBXBuildFile; fileRef = 9B1495801FEC0FF700D9522B /* GameViewController.swift */; };
		9B1495841FEC0FF700D9522B /* Main.storyboard in Resources */ = {isa = PBXBuildFile; fileRef = 9B1495821FEC0FF700D9522B /* Main.storyboard */; };
		9B1495861FEC0FF700D9522B /* Assets.xcassets in Resources */ = {isa = PBXBuildFile; fileRef = 9B1495851FEC0FF700D9522B /* Assets.xcassets */; };
		9B1495891FEC0FF700D9522B /* LaunchScreen.storyboard in Resources */ = {isa = PBXBuildFile; fileRef = 9B1495871FEC0FF700D9522B /* LaunchScreen.storyboard */; };
		9B1495981FEF91A300D9522B /* glass_ping.mp3 in Resources */ = {isa = PBXBuildFile; fileRef = 9B1495901FEF91A200D9522B /* glass_ping.mp3 */; };
		9B1495991FEF91A300D9522B /* glasshit.mp3 in Resources */ = {isa = PBXBuildFile; fileRef = 9B1495911FEF91A300D9522B /* glasshit.mp3 */; };
		9B14959A1FEF91A300D9522B /* glassbreaks.mp3 in Resources */ = {isa = PBXBuildFile; fileRef = 9B1495921FEF91A300D9522B /* glassbreaks.mp3 */; };
		9B14959B1FEF91A300D9522B /* Swoosh.mp3 in Resources */ = {isa = PBXBuildFile; fileRef = 9B1495931FEF91A300D9522B /* Swoosh.mp3 */; };
		9B14959C1FEF91A300D9522B /* bomb.mp3 in Resources */ = {isa = PBXBuildFile; fileRef = 9B1495941FEF91A300D9522B /* bomb.mp3 */; };
		9B14959D1FEF91A300D9522B /* glasssend.mp3 in Resources */ = {isa = PBXBuildFile; fileRef = 9B1495951FEF91A300D9522B /* glasssend.mp3 */; };
		9B50766F1FF0CD6300F50BBC /* glassbroken1.sks in Resources */ = {isa = PBXBuildFile; fileRef = 9B50766D1FF0CD6300F50BBC /* glassbroken1.sks */; };
		9B5076741FF28A5D00F50BBC /* glassbroken50.sks in Resources */ = {isa = PBXBuildFile; fileRef = 9B5076731FF28A5D00F50BBC /* glassbroken50.sks */; };
		9BA2B91120A8E4FC00380AC3 /* LoginViewController.swift in Sources */ = {isa = PBXBuildFile; fileRef = 9BA2B91020A8E4FC00380AC3 /* LoginViewController.swift */; };
		9BA2B91320A8E6E400380AC3 /* GoogleService-Info.plist in Resources */ = {isa = PBXBuildFile; fileRef = 9BA2B91220A8E6E300380AC3 /* GoogleService-Info.plist */; };
		9BA80CC6211646D200A8DD1B /* broken2.sks in Resources */ = {isa = PBXBuildFile; fileRef = 9BA80CC5211646D200A8DD1B /* broken2.sks */; };
		9BD5AE2320D1A92000F30740 /* RegisterViewController.swift in Sources */ = {isa = PBXBuildFile; fileRef = 9BD5AE2220D1A92000F30740 /* RegisterViewController.swift */; };
		9BF7A41C20AB02A7001CAE4B /* HighScoreViewController.swift in Sources */ = {isa = PBXBuildFile; fileRef = 9BF7A41B20AB02A7001CAE4B /* HighScoreViewController.swift */; };
		FFF19D6ECE5E59E81B222895 /* Pods_TheBeerBartender.framework in Frameworks */ = {isa = PBXBuildFile; fileRef = AB832B47F8EB1D73E1DB077C /* Pods_TheBeerBartender.framework */; };
/* End PBXBuildFile section */

/* Begin PBXFileReference section */
		4F930ACFD00975B9A3DA46D3 /* Pods-TheBeerBartender.debug.xcconfig */ = {isa = PBXFileReference; includeInIndex = 1; lastKnownFileType = text.xcconfig; name = "Pods-TheBeerBartender.debug.xcconfig"; path = "Pods/Target Support Files/Pods-TheBeerBartender/Pods-TheBeerBartender.debug.xcconfig"; sourceTree = "<group>"; };
		5A69616055224075743B7B4A /* Pods-TheBeerBartender.release.xcconfig */ = {isa = PBXFileReference; includeInIndex = 1; lastKnownFileType = text.xcconfig; name = "Pods-TheBeerBartender.release.xcconfig"; path = "Pods/Target Support Files/Pods-TheBeerBartender/Pods-TheBeerBartender.release.xcconfig"; sourceTree = "<group>"; };
		9B1495751FEC0FF700D9522B /* TheBeerBartender.app */ = {isa = PBXFileReference; explicitFileType = wrapper.application; includeInIndex = 0; path = TheBeerBartender.app; sourceTree = BUILT_PRODUCTS_DIR; };
		9B1495781FEC0FF700D9522B /* AppDelegate.swift */ = {isa = PBXFileReference; lastKnownFileType = sourcecode.swift; path = AppDelegate.swift; sourceTree = "<group>"; };
		9B14957C1FEC0FF700D9522B /* Actions.sks */ = {isa = PBXFileReference; lastKnownFileType = file.sks; path = Actions.sks; sourceTree = "<group>"; };
		9B14957E1FEC0FF700D9522B /* GameScene.swift */ = {isa = PBXFileReference; lastKnownFileType = sourcecode.swift; path = GameScene.swift; sourceTree = "<group>"; };
		9B1495801FEC0FF700D9522B /* GameViewController.swift */ = {isa = PBXFileReference; lastKnownFileType = sourcecode.swift; path = GameViewController.swift; sourceTree = "<group>"; };
		9B1495831FEC0FF700D9522B /* Base */ = {isa = PBXFileReference; lastKnownFileType = file.storyboard; name = Base; path = Base.lproj/Main.storyboard; sourceTree = "<group>"; };
		9B1495851FEC0FF700D9522B /* Assets.xcassets */ = {isa = PBXFileReference; lastKnownFileType = folder.assetcatalog; path = Assets.xcassets; sourceTree = "<group>"; };
		9B1495881FEC0FF700D9522B /* Base */ = {isa = PBXFileReference; lastKnownFileType = file.storyboard; name = Base; path = Base.lproj/LaunchScreen.storyboard; sourceTree = "<group>"; };
		9B14958A1FEC0FF700D9522B /* Info.plist */ = {isa = PBXFileReference; lastKnownFileType = text.plist.xml; path = Info.plist; sourceTree = "<group>"; };
		9B1495901FEF91A200D9522B /* glass_ping.mp3 */ = {isa = PBXFileReference; lastKnownFileType = audio.mp3; path = glass_ping.mp3; sourceTree = "<group>"; };
		9B1495911FEF91A300D9522B /* glasshit.mp3 */ = {isa = PBXFileReference; lastKnownFileType = audio.mp3; path = glasshit.mp3; sourceTree = "<group>"; };
		9B1495921FEF91A300D9522B /* glassbreaks.mp3 */ = {isa = PBXFileReference; lastKnownFileType = audio.mp3; path = glassbreaks.mp3; sourceTree = "<group>"; };
		9B1495931FEF91A300D9522B /* Swoosh.mp3 */ = {isa = PBXFileReference; lastKnownFileType = audio.mp3; path = Swoosh.mp3; sourceTree = "<group>"; };
		9B1495941FEF91A300D9522B /* bomb.mp3 */ = {isa = PBXFileReference; lastKnownFileType = audio.mp3; path = bomb.mp3; sourceTree = "<group>"; };
		9B1495951FEF91A300D9522B /* glasssend.mp3 */ = {isa = PBXFileReference; lastKnownFileType = audio.mp3; path = glasssend.mp3; sourceTree = "<group>"; };
		9B50766D1FF0CD6300F50BBC /* glassbroken1.sks */ = {isa = PBXFileReference; lastKnownFileType = file.sks; path = glassbroken1.sks; sourceTree = "<group>"; };
		9B5076731FF28A5D00F50BBC /* glassbroken50.sks */ = {isa = PBXFileReference; lastKnownFileType = file.sks; path = glassbroken50.sks; sourceTree = "<group>"; };
		9BA2B91020A8E4FC00380AC3 /* LoginViewController.swift */ = {isa = PBXFileReference; lastKnownFileType = sourcecode.swift; path = LoginViewController.swift; sourceTree = "<group>"; };
		9BA2B91220A8E6E300380AC3 /* GoogleService-Info.plist */ = {isa = PBXFileReference; fileEncoding = 4; lastKnownFileType = text.plist.xml; path = "GoogleService-Info.plist"; sourceTree = "<group>"; };
		9BA80CC5211646D200A8DD1B /* broken2.sks */ = {isa = PBXFileReference; lastKnownFileType = file.sks; path = broken2.sks; sourceTree = "<group>"; };
		9BD5AE2220D1A92000F30740 /* RegisterViewController.swift */ = {isa = PBXFileReference; lastKnownFileType = sourcecode.swift; path = RegisterViewController.swift; sourceTree = "<group>"; };
		9BF7A41B20AB02A7001CAE4B /* HighScoreViewController.swift */ = {isa = PBXFileReference; lastKnownFileType = sourcecode.swift; path = HighScoreViewController.swift; sourceTree = "<group>"; };
		AB832B47F8EB1D73E1DB077C /* Pods_TheBeerBartender.framework */ = {isa = PBXFileReference; explicitFileType = wrapper.framework; includeInIndex = 0; path = Pods_TheBeerBartender.framework; sourceTree = BUILT_PRODUCTS_DIR; };
/* End PBXFileReference section */

/* Begin PBXFrameworksBuildPhase section */
		9B1495721FEC0FF700D9522B /* Frameworks */ = {
			isa = PBXFrameworksBuildPhase;
			buildActionMask = 2147483647;
			files = (
				FFF19D6ECE5E59E81B222895 /* Pods_TheBeerBartender.framework in Frameworks */,
			);
			runOnlyForDeploymentPostprocessing = 0;
		};
/* End PBXFrameworksBuildPhase section */

/* Begin PBXGroup section */
		0FAF1B9403258863A1DFC98C /* Pods */ = {
			isa = PBXGroup;
			children = (
				4F930ACFD00975B9A3DA46D3 /* Pods-TheBeerBartender.debug.xcconfig */,
				5A69616055224075743B7B4A /* Pods-TheBeerBartender.release.xcconfig */,
			);
			name = Pods;
			sourceTree = "<group>";
		};
		9B0A6D1521181F6500E5B798 /* sound */ = {
			isa = PBXGroup;
			children = (
				9B1495941FEF91A300D9522B /* bomb.mp3 */,
				9B1495921FEF91A300D9522B /* glassbreaks.mp3 */,
				9B1495901FEF91A200D9522B /* glass_ping.mp3 */,
				9B1495951FEF91A300D9522B /* glasssend.mp3 */,
				9B1495911FEF91A300D9522B /* glasshit.mp3 */,
				9B1495931FEF91A300D9522B /* Swoosh.mp3 */,
			);
			path = sound;
			sourceTree = "<group>";
		};
		9B14956C1FEC0FF700D9522B = {
			isa = PBXGroup;
			children = (
				9B5076731FF28A5D00F50BBC /* glassbroken50.sks */,
				9BA80CC5211646D200A8DD1B /* broken2.sks */,
				9B50766D1FF0CD6300F50BBC /* glassbroken1.sks */,
				9B1495771FEC0FF700D9522B /* TheBeerBartender */,
				9B1495761FEC0FF700D9522B /* Products */,
				0FAF1B9403258863A1DFC98C /* Pods */,
				D21FA0F4733CC3A293083D0B /* Frameworks */,
			);
			sourceTree = "<group>";
		};
		9B1495761FEC0FF700D9522B /* Products */ = {
			isa = PBXGroup;
			children = (
				9B1495751FEC0FF700D9522B /* TheBeerBartender.app */,
			);
			name = Products;
			sourceTree = "<group>";
		};
		9B1495771FEC0FF700D9522B /* TheBeerBartender */ = {
			isa = PBXGroup;
			children = (
				9B0A6D1521181F6500E5B798 /* sound */,
				9B1495781FEC0FF700D9522B /* AppDelegate.swift */,
				9B14957C1FEC0FF700D9522B /* Actions.sks */,
				9B14957E1FEC0FF700D9522B /* GameScene.swift */,
				9B1495801FEC0FF700D9522B /* GameViewController.swift */,
				9B1495821FEC0FF700D9522B /* Main.storyboard */,
				9BF7A41B20AB02A7001CAE4B /* HighScoreViewController.swift */,
				9BA2B91020A8E4FC00380AC3 /* LoginViewController.swift */,
				9BD5AE2220D1A92000F30740 /* RegisterViewController.swift */,
				9B1495851FEC0FF700D9522B /* Assets.xcassets */,
				9B1495871FEC0FF700D9522B /* LaunchScreen.storyboard */,
				9B14958A1FEC0FF700D9522B /* Info.plist */,
				9BA2B91220A8E6E300380AC3 /* GoogleService-Info.plist */,
			);
			path = TheBeerBartender;
			sourceTree = "<group>";
		};
		D21FA0F4733CC3A293083D0B /* Frameworks */ = {
			isa = PBXGroup;
			children = (
				AB832B47F8EB1D73E1DB077C /* Pods_TheBeerBartender.framework */,
			);
			name = Frameworks;
			sourceTree = "<group>";
		};
/* End PBXGroup section */

/* Begin PBXNativeTarget section */
		9B1495741FEC0FF700D9522B /* TheBeerBartender */ = {
			isa = PBXNativeTarget;
			buildConfigurationList = 9B14958D1FEC0FF700D9522B /* Build configuration list for PBXNativeTarget "TheBeerBartender" */;
			buildPhases = (
				BF108E0EA2A4EC9973C7D86E /* [CP] Check Pods Manifest.lock */,
				9B1495711FEC0FF700D9522B /* Sources */,
				9B1495721FEC0FF700D9522B /* Frameworks */,
				9B1495731FEC0FF700D9522B /* Resources */,
				4A1D5AED0B2561F8845D102F /* [CP] Embed Pods Frameworks */,
				953970BFB884C75E63E047EB /* [CP] Copy Pods Resources */,
			);
			buildRules = (
			);
			dependencies = (
			);
			name = TheBeerBartender;
			productName = TheBeerBartender;
			productReference = 9B1495751FEC0FF700D9522B /* TheBeerBartender.app */;
			productType = "com.apple.product-type.application";
		};
/* End PBXNativeTarget section */

/* Begin PBXProject section */
		9B14956D1FEC0FF700D9522B /* Project object */ = {
			isa = PBXProject;
			attributes = {
				LastSwiftUpdateCheck = 0910;
				LastUpgradeCheck = 0940;
				ORGANIZATIONNAME = Israel;
				TargetAttributes = {
					9B1495741FEC0FF700D9522B = {
						CreatedOnToolsVersion = 9.1;
						ProvisioningStyle = Automatic;
					};
				};
			};
			buildConfigurationList = 9B1495701FEC0FF700D9522B /* Build configuration list for PBXProject "TheBeerBartender" */;
			compatibilityVersion = "Xcode 8.0";
			developmentRegion = en;
			hasScannedForEncodings = 0;
			knownRegions = (
				en,
				Base,
			);
			mainGroup = 9B14956C1FEC0FF700D9522B;
			productRefGroup = 9B1495761FEC0FF700D9522B /* Products */;
			projectDirPath = "";
			projectRoot = "";
			targets = (
				9B1495741FEC0FF700D9522B /* TheBeerBartender */,
			);
		};
/* End PBXProject section */

/* Begin PBXResourcesBuildPhase section */
		9B1495731FEC0FF700D9522B /* Resources */ = {
			isa = PBXResourcesBuildPhase;
			buildActionMask = 2147483647;
			files = (
				9B5076741FF28A5D00F50BBC /* glassbroken50.sks in Resources */,
				9B1495841FEC0FF700D9522B /* Main.storyboard in Resources */,
				9B1495861FEC0FF700D9522B /* Assets.xcassets in Resources */,
				9B14959A1FEF91A300D9522B /* glassbreaks.mp3 in Resources */,
				9B1495991FEF91A300D9522B /* glasshit.mp3 in Resources */,
				9B1495891FEC0FF700D9522B /* LaunchScreen.storyboard in Resources */,
				9B14959D1FEF91A300D9522B /* glasssend.mp3 in Resources */,
				9B14959C1FEF91A300D9522B /* bomb.mp3 in Resources */,
				9BA2B91320A8E6E400380AC3 /* GoogleService-Info.plist in Resources */,
				9BA80CC6211646D200A8DD1B /* broken2.sks in Resources */,
				9B14959B1FEF91A300D9522B /* Swoosh.mp3 in Resources */,
				9B50766F1FF0CD6300F50BBC /* glassbroken1.sks in Resources */,
				9B1495981FEF91A300D9522B /* glass_ping.mp3 in Resources */,
				9B14957D1FEC0FF700D9522B /* Actions.sks in Resources */,
			);
			runOnlyForDeploymentPostprocessing = 0;
		};
/* End PBXResourcesBuildPhase section */

/* Begin PBXShellScriptBuildPhase section */
		4A1D5AED0B2561F8845D102F /* [CP] Embed Pods Frameworks */ = {
			isa = PBXShellScriptBuildPhase;
			buildActionMask = 2147483647;
			files = (
			);
			inputPaths = (
				"${SRCROOT}/Pods/Target Support Files/Pods-TheBeerBartender/Pods-TheBeerBartender-frameworks.sh",
				"${BUILT_PRODUCTS_DIR}/GTMSessionFetcher/GTMSessionFetcher.framework",
				"${BUILT_PRODUCTS_DIR}/GoogleToolboxForMac/GoogleToolboxForMac.framework",
				"${BUILT_PRODUCTS_DIR}/leveldb-library/leveldb.framework",
				"${BUILT_PRODUCTS_DIR}/nanopb/nanopb.framework",
			);
			name = "[CP] Embed Pods Frameworks";
			outputPaths = (
				"${TARGET_BUILD_DIR}/${FRAMEWORKS_FOLDER_PATH}/GTMSessionFetcher.framework",
				"${TARGET_BUILD_DIR}/${FRAMEWORKS_FOLDER_PATH}/GoogleToolboxForMac.framework",
				"${TARGET_BUILD_DIR}/${FRAMEWORKS_FOLDER_PATH}/leveldb.framework",
				"${TARGET_BUILD_DIR}/${FRAMEWORKS_FOLDER_PATH}/nanopb.framework",
			);
			runOnlyForDeploymentPostprocessing = 0;
			shellPath = /bin/sh;
			shellScript = "\"${SRCROOT}/Pods/Target Support Files/Pods-TheBeerBartender/Pods-TheBeerBartender-frameworks.sh\"\n";
			showEnvVarsInLog = 0;
		};
		953970BFB884C75E63E047EB /* [CP] Copy Pods Resources */ = {
			isa = PBXShellScriptBuildPhase;
			buildActionMask = 2147483647;
			files = (
			);
			inputPaths = (
			);
			name = "[CP] Copy Pods Resources";
			outputPaths = (
			);
			runOnlyForDeploymentPostprocessing = 0;
			shellPath = /bin/sh;
			shellScript = "\"${SRCROOT}/Pods/Target Support Files/Pods-TheBeerBartender/Pods-TheBeerBartender-resources.sh\"\n";
			showEnvVarsInLog = 0;
		};
		BF108E0EA2A4EC9973C7D86E /* [CP] Check Pods Manifest.lock */ = {
			isa = PBXShellScriptBuildPhase;
			buildActionMask = 2147483647;
			files = (
			);
			inputPaths = (
				"${PODS_PODFILE_DIR_PATH}/Podfile.lock",
				"${PODS_ROOT}/Manifest.lock",
			);
			name = "[CP] Check Pods Manifest.lock";
			outputPaths = (
				"$(DERIVED_FILE_DIR)/Pods-TheBeerBartender-checkManifestLockResult.txt",
			);
			runOnlyForDeploymentPostprocessing = 0;
			shellPath = /bin/sh;
			shellScript = "diff \"${PODS_PODFILE_DIR_PATH}/Podfile.lock\" \"${PODS_ROOT}/Manifest.lock\" > /dev/null\nif [ $? != 0 ] ; then\n    # print error to STDERR\n    echo \"error: The sandbox is not in sync with the Podfile.lock. Run 'pod install' or update your CocoaPods installation.\" >&2\n    exit 1\nfi\n# This output is used by Xcode 'outputs' to avoid re-running this script phase.\necho \"SUCCESS\" > \"${SCRIPT_OUTPUT_FILE_0}\"\n";
			showEnvVarsInLog = 0;
		};
/* End PBXShellScriptBuildPhase section */

/* Begin PBXSourcesBuildPhase section */
		9B1495711FEC0FF700D9522B /* Sources */ = {
			isa = PBXSourcesBuildPhase;
			buildActionMask = 2147483647;
			files = (
				9BA2B91120A8E4FC00380AC3 /* LoginViewController.swift in Sources */,
				9BF7A41C20AB02A7001CAE4B /* HighScoreViewController.swift in Sources */,
				9BD5AE2320D1A92000F30740 /* RegisterViewController.swift in Sources */,
				9B14957F1FEC0FF700D9522B /* GameScene.swift in Sources */,
				9B1495811FEC0FF700D9522B /* GameViewController.swift in Sources */,
				9B1495791FEC0FF700D9522B /* AppDelegate.swift in Sources */,
			);
			runOnlyForDeploymentPostprocessing = 0;
		};
/* End PBXSourcesBuildPhase section */

/* Begin PBXVariantGroup section */
		9B1495821FEC0FF700D9522B /* Main.storyboard */ = {
			isa = PBXVariantGroup;
			children = (
				9B1495831FEC0FF700D9522B /* Base */,
			);
			name = Main.storyboard;
			sourceTree = "<group>";
		};
		9B1495871FEC0FF700D9522B /* LaunchScreen.storyboard */ = {
			isa = PBXVariantGroup;
			children = (
				9B1495881FEC0FF700D9522B /* Base */,
			);
			name = LaunchScreen.storyboard;
			sourceTree = "<group>";
		};
/* End PBXVariantGroup section */

/* Begin XCBuildConfiguration section */
		9B14958B1FEC0FF700D9522B /* Debug */ = {
			isa = XCBuildConfiguration;
			buildSettings = {
				ALWAYS_SEARCH_USER_PATHS = NO;
				CLANG_ANALYZER_NONNULL = YES;
				CLANG_ANALYZER_NUMBER_OBJECT_CONVERSION = YES_AGGRESSIVE;
				CLANG_CXX_LANGUAGE_STANDARD = "gnu++14";
				CLANG_CXX_LIBRARY = "libc++";
				CLANG_ENABLE_MODULES = YES;
				CLANG_ENABLE_OBJC_ARC = YES;
				CLANG_WARN_BLOCK_CAPTURE_AUTORELEASING = YES;
				CLANG_WARN_BOOL_CONVERSION = YES;
				CLANG_WARN_COMMA = YES;
				CLANG_WARN_CONSTANT_CONVERSION = YES;
				CLANG_WARN_DEPRECATED_OBJC_IMPLEMENTATIONS = YES;
				CLANG_WARN_DIRECT_OBJC_ISA_USAGE = YES_ERROR;
				CLANG_WARN_DOCUMENTATION_COMMENTS = YES;
				CLANG_WARN_EMPTY_BODY = YES;
				CLANG_WARN_ENUM_CONVERSION = YES;
				CLANG_WARN_INFINITE_RECURSION = YES;
				CLANG_WARN_INT_CONVERSION = YES;
				CLANG_WARN_NON_LITERAL_NULL_CONVERSION = YES;
				CLANG_WARN_OBJC_IMPLICIT_RETAIN_SELF = YES;
				CLANG_WARN_OBJC_LITERAL_CONVERSION = YES;
				CLANG_WARN_OBJC_ROOT_CLASS = YES_ERROR;
				CLANG_WARN_RANGE_LOOP_ANALYSIS = YES;
				CLANG_WARN_STRICT_PROTOTYPES = YES;
				CLANG_WARN_SUSPICIOUS_MOVE = YES;
				CLANG_WARN_UNGUARDED_AVAILABILITY = YES_AGGRESSIVE;
				CLANG_WARN_UNREACHABLE_CODE = YES;
				CLANG_WARN__DUPLICATE_METHOD_MATCH = YES;
				CODE_SIGN_IDENTITY = "iPhone Developer";
				COPY_PHASE_STRIP = NO;
				DEBUG_INFORMATION_FORMAT = dwarf;
				ENABLE_STRICT_OBJC_MSGSEND = YES;
				ENABLE_TESTABILITY = YES;
				GCC_C_LANGUAGE_STANDARD = gnu11;
				GCC_DYNAMIC_NO_PIC = NO;
				GCC_NO_COMMON_BLOCKS = YES;
				GCC_OPTIMIZATION_LEVEL = 0;
				GCC_PREPROCESSOR_DEFINITIONS = (
					"DEBUG=1",
					"$(inherited)",
				);
				GCC_WARN_64_TO_32_BIT_CONVERSION = YES;
				GCC_WARN_ABOUT_RETURN_TYPE = YES_ERROR;
				GCC_WARN_UNDECLARED_SELECTOR = YES;
				GCC_WARN_UNINITIALIZED_AUTOS = YES_AGGRESSIVE;
				GCC_WARN_UNUSED_FUNCTION = YES;
				GCC_WARN_UNUSED_VARIABLE = YES;
				IPHONEOS_DEPLOYMENT_TARGET = 11.4;
				MTL_ENABLE_DEBUG_INFO = YES;
				ONLY_ACTIVE_ARCH = YES;
				SDKROOT = iphoneos;
				SWIFT_ACTIVE_COMPILATION_CONDITIONS = DEBUG;
				SWIFT_OPTIMIZATION_LEVEL = "-Onone";
			};
			name = Debug;
		};
		9B14958C1FEC0FF700D9522B /* Release */ = {
			isa = XCBuildConfiguration;
			buildSettings = {
				ALWAYS_SEARCH_USER_PATHS = NO;
				CLANG_ANALYZER_NONNULL = YES;
				CLANG_ANALYZER_NUMBER_OBJECT_CONVERSION = YES_AGGRESSIVE;
				CLANG_CXX_LANGUAGE_STANDARD = "gnu++14";
				CLANG_CXX_LIBRARY = "libc++";
				CLANG_ENABLE_MODULES = YES;
				CLANG_ENABLE_OBJC_ARC = YES;
				CLANG_WARN_BLOCK_CAPTURE_AUTORELEASING = YES;
				CLANG_WARN_BOOL_CONVERSION = YES;
				CLANG_WARN_COMMA = YES;
				CLANG_WARN_CONSTANT_CONVERSION = YES;
				CLANG_WARN_DEPRECATED_OBJC_IMPLEMENTATIONS = YES;
				CLANG_WARN_DIRECT_OBJC_ISA_USAGE = YES_ERROR;
				CLANG_WARN_DOCUMENTATION_COMMENTS = YES;
				CLANG_WARN_EMPTY_BODY = YES;
				CLANG_WARN_ENUM_CONVERSION = YES;
				CLANG_WARN_INFINITE_RECURSION = YES;
				CLANG_WARN_INT_CONVERSION = YES;
				CLANG_WARN_NON_LITERAL_NULL_CONVERSION = YES;
				CLANG_WARN_OBJC_IMPLICIT_RETAIN_SELF = YES;
				CLANG_WARN_OBJC_LITERAL_CONVERSION = YES;
				CLANG_WARN_OBJC_ROOT_CLASS = YES_ERROR;
				CLANG_WARN_RANGE_LOOP_ANALYSIS = YES;
				CLANG_WARN_STRICT_PROTOTYPES = YES;
				CLANG_WARN_SUSPICIOUS_MOVE = YES;
				CLANG_WARN_UNGUARDED_AVAILABILITY = YES_AGGRESSIVE;
				CLANG_WARN_UNREACHABLE_CODE = YES;
				CLANG_WARN__DUPLICATE_METHOD_MATCH = YES;
				CODE_SIGN_IDENTITY = "iPhone Developer";
				COPY_PHASE_STRIP = NO;
				DEBUG_INFORMATION_FORMAT = "dwarf-with-dsym";
				ENABLE_NS_ASSERTIONS = NO;
				ENABLE_STRICT_OBJC_MSGSEND = YES;
				GCC_C_LANGUAGE_STANDARD = gnu11;
				GCC_NO_COMMON_BLOCKS = YES;
				GCC_WARN_64_TO_32_BIT_CONVERSION = YES;
				GCC_WARN_ABOUT_RETURN_TYPE = YES_ERROR;
				GCC_WARN_UNDECLARED_SELECTOR = YES;
				GCC_WARN_UNINITIALIZED_AUTOS = YES_AGGRESSIVE;
				GCC_WARN_UNUSED_FUNCTION = YES;
				GCC_WARN_UNUSED_VARIABLE = YES;
				IPHONEOS_DEPLOYMENT_TARGET = 11.4;
				MTL_ENABLE_DEBUG_INFO = NO;
				SDKROOT = iphoneos;
				SWIFT_OPTIMIZATION_LEVEL = "-Owholemodule";
				VALIDATE_PRODUCT = YES;
			};
			name = Release;
		};
		9B14958E1FEC0FF700D9522B /* Debug */ = {
			isa = XCBuildConfiguration;
			baseConfigurationReference = 4F930ACFD00975B9A3DA46D3 /* Pods-TheBeerBartender.debug.xcconfig */;
			buildSettings = {
				ASSETCATALOG_COMPILER_APPICON_NAME = AppIcon;
				CODE_SIGN_IDENTITY = "iPhone Developer";
				CODE_SIGN_INJECT_BASE_ENTITLEMENTS = YES;
				CODE_SIGN_STYLE = Automatic;
				DEVELOPMENT_TEAM = JVUM25JUN8;
				INFOPLIST_FILE = TheBeerBartender/Info.plist;
				LD_RUNPATH_SEARCH_PATHS = "$(inherited) @executable_path/Frameworks";
				PRODUCT_BUNDLE_IDENTIFIER = israel.pik.nofim.TheBeerBartender;
				PRODUCT_NAME = "$(TARGET_NAME)";
				SWIFT_VERSION = 4.0;
				TARGETED_DEVICE_FAMILY = "1,2";
			};
			name = Debug;
		};
		9B14958F1FEC0FF700D9522B /* Release */ = {
			isa = XCBuildConfiguration;
			baseConfigurationReference = 5A69616055224075743B7B4A /* Pods-TheBeerBartender.release.xcconfig */;
			buildSettings = {
				ASSETCATALOG_COMPILER_APPICON_NAME = AppIcon;
				CODE_SIGN_IDENTITY = "iPhone Developer";
				CODE_SIGN_INJECT_BASE_ENTITLEMENTS = YES;
				CODE_SIGN_STYLE = Automatic;
				DEVELOPMENT_TEAM = JVUM25JUN8;
				INFOPLIST_FILE = TheBeerBartender/Info.plist;
				LD_RUNPATH_SEARCH_PATHS = "$(inherited) @executable_path/Frameworks";
				PRODUCT_BUNDLE_IDENTIFIER = israel.pik.nofim.TheBeerBartender;
				PRODUCT_NAME = "$(TARGET_NAME)";
				SWIFT_VERSION = 4.0;
				TARGETED_DEVICE_FAMILY = "1,2";
			};
			name = Release;
		};
/* End XCBuildConfiguration section */

/* Begin XCConfigurationList section */
		9B1495701FEC0FF700D9522B /* Build configuration list for PBXProject "TheBeerBartender" */ = {
			isa = XCConfigurationList;
			buildConfigurations = (
				9B14958B1FEC0FF700D9522B /* Debug */,
				9B14958C1FEC0FF700D9522B /* Release */,
			);
			defaultConfigurationIsVisible = 0;
			defaultConfigurationName = Release;
		};
		9B14958D1FEC0FF700D9522B /* Build configuration list for PBXNativeTarget "TheBeerBartender" */ = {
			isa = XCConfigurationList;
			buildConfigurations = (
				9B14958E1FEC0FF700D9522B /* Debug */,
				9B14958F1FEC0FF700D9522B /* Release */,
			);
			defaultConfigurationIsVisible = 0;
			defaultConfigurationName = Release;
		};
/* End XCConfigurationList section */
	};
	rootObject = 9B14956D1FEC0FF700D9522B /* Project object */;
}
